
Microsoft Visual Studio Solution File, Format Version 12.00
# Visual Studio 15
VisualStudioVersion = 15.0.26730.16
MinimumVisualStudioVersion = 10.0.40219.1
Project("{FAE04EC0-301F-11D3-BF4B-00C04F79EFBC}") = "SbConsumer", "SbConsumer\SbConsumer.csproj", "{6B002567-AC12-4D0E-B9CC-C24B455E4F78}"
EndProject
Project("{FAE04EC0-301F-11D3-BF4B-00C04F79EFBC}") = "SbProducer", "SbProducer\SbProducer.csproj", "{2A9A728A-30ED-4D88-A05D-F34C56C00260}"
EndProject
Global
	GlobalSection(SolutionConfigurationPlatforms) = preSolution
		Debug|Any CPU = Debug|Any CPU
		Release|Any CPU = Release|Any CPU
	EndGlobalSection
	GlobalSection(ProjectConfigurationPlatforms) = postSolution
		{6B002567-AC12-4D0E-B9CC-C24B455E4F78}.Debug|Any CPU.ActiveCfg = Debug|Any CPU
		{6B002567-AC12-4D0E-B9CC-C24B455E4F78}.Debug|Any CPU.Build.0 = Debug|Any CPU
		{6B002567-AC12-4D0E-B9CC-C24B455E4F78}.Release|Any CPU.ActiveCfg = Release|Any CPU
		{6B002567-AC12-4D0E-B9CC-C24B455E4F78}.Release|Any CPU.Build.0 = Release|Any CPU
		{2A9A728A-30ED-4D88-A05D-F34C56C00260}.Debug|Any CPU.ActiveCfg = Debug|Any CPU
		{2A9A728A-30ED-4D88-A05D-F34C56C00260}.Debug|Any CPU.Build.0 = Debug|Any CPU
		{2A9A728A-30ED-4D88-A05D-F34C56C00260}.Release|Any CPU.ActiveCfg = Release|Any CPU
		{2A9A728A-30ED-4D88-A05D-F34C56C00260}.Release|Any CPU.Build.0 = Release|Any CPU
	EndGlobalSection
	GlobalSection(SolutionProperties) = preSolution
		HideSolutionNode = FALSE
	EndGlobalSection
	GlobalSection(ExtensibilityGlobals) = postSolution
		SolutionGuid = {C907B4A3-59E9-48D6-97EB-98551EFF9D1C}
	EndGlobalSection
EndGlobal
